
Microsoft Visual Studio Solution File, Format Version 12.00
# Visual Studio 15
VisualStudioVersion = 15.0.28307.168
MinimumVisualStudioVersion = 10.0.40219.1
Project("{FAE04EC0-301F-11D3-BF4B-00C04F79EFBC}") = "GitLfs.Server.Caching", "GitLfs.Server.Caching\GitLfs.Server.Caching.csproj", "{0327D3A9-C397-41AD-AE28-E0E811FC9B7A}"
EndProject
Project("{9A19103F-16F7-4668-BE54-9A1E7A4F7556}") = "GitLfs.Client", "GitLfs.Client\GitLfs.Client.csproj", "{A8C0678F-C179-4A7C-8403-0E2DF81905AF}"
EndProject
Project("{9A19103F-16F7-4668-BE54-9A1E7A4F7556}") = "GitLfs.Core", "GitLfs.Core\GitLfs.Core.csproj", "{8B0D67CB-BCEE-4A73-89AE-3BE3CFA514C6}"
EndProject
Project("{9A19103F-16F7-4668-BE54-9A1E7A4F7556}") = "GitLfs.Core.Tests", "GitLfs.Core.Tests\GitLfs.Core.Tests.csproj", "{D98E7318-E9EF-4BBF-85A8-BDDF81AD59BF}"
EndProject
Global
	GlobalSection(SolutionConfigurationPlatforms) = preSolution
		Debug|Any CPU = Debug|Any CPU
		Release|Any CPU = Release|Any CPU
	EndGlobalSection
	GlobalSection(ProjectConfigurationPlatforms) = postSolution
		{0327D3A9-C397-41AD-AE28-E0E811FC9B7A}.Debug|Any CPU.ActiveCfg = Debug|Any CPU
		{0327D3A9-C397-41AD-AE28-E0E811FC9B7A}.Debug|Any CPU.Build.0 = Debug|Any CPU
		{0327D3A9-C397-41AD-AE28-E0E811FC9B7A}.Release|Any CPU.ActiveCfg = Release|Any CPU
		{0327D3A9-C397-41AD-AE28-E0E811FC9B7A}.Release|Any CPU.Build.0 = Release|Any CPU
		{A8C0678F-C179-4A7C-8403-0E2DF81905AF}.Debug|Any CPU.ActiveCfg = Debug|Any CPU
		{A8C0678F-C179-4A7C-8403-0E2DF81905AF}.Debug|Any CPU.Build.0 = Debug|Any CPU
		{A8C0678F-C179-4A7C-8403-0E2DF81905AF}.Release|Any CPU.ActiveCfg = Release|Any CPU
		{A8C0678F-C179-4A7C-8403-0E2DF81905AF}.Release|Any CPU.Build.0 = Release|Any CPU
		{8B0D67CB-BCEE-4A73-89AE-3BE3CFA514C6}.Debug|Any CPU.ActiveCfg = Debug|Any CPU
		{8B0D67CB-BCEE-4A73-89AE-3BE3CFA514C6}.Debug|Any CPU.Build.0 = Debug|Any CPU
		{8B0D67CB-BCEE-4A73-89AE-3BE3CFA514C6}.Release|Any CPU.ActiveCfg = Release|Any CPU
		{8B0D67CB-BCEE-4A73-89AE-3BE3CFA514C6}.Release|Any CPU.Build.0 = Release|Any CPU
		{D98E7318-E9EF-4BBF-85A8-BDDF81AD59BF}.Debug|Any CPU.ActiveCfg = Debug|Any CPU
		{D98E7318-E9EF-4BBF-85A8-BDDF81AD59BF}.Debug|Any CPU.Build.0 = Debug|Any CPU
		{D98E7318-E9EF-4BBF-85A8-BDDF81AD59BF}.Release|Any CPU.ActiveCfg = Release|Any CPU
		{D98E7318-E9EF-4BBF-85A8-BDDF81AD59BF}.Release|Any CPU.Build.0 = Release|Any CPU
	EndGlobalSection
	GlobalSection(SolutionProperties) = preSolution
		HideSolutionNode = FALSE
	EndGlobalSection
	GlobalSection(ExtensibilityGlobals) = postSolution
		SolutionGuid = {F7A87875-63C9-4D67-AD88-678C66A31973}
	EndGlobalSection
EndGlobal
